// !$*UTF8*$!
{
	archiveVersion = 1;
	classes = {
	};
	objectVersion = 56;
	objects = {

/* Begin PBXBuildFile section */
		1E3E31C5296DE517007A46CA /* TagListItemScreen.swift in Sources */ = {isa = PBXBuildFile; fileRef = 1E3E31C4296DE517007A46CA /* TagListItemScreen.swift */; };
		1E3E31C7296DE89C007A46CA /* AddTagListItemScreen.swift in Sources */ = {isa = PBXBuildFile; fileRef = 1E3E31C6296DE89C007A46CA /* AddTagListItemScreen.swift */; };
		1E3E31C9296DEC0D007A46CA /* LinkList.swift in Sources */ = {isa = PBXBuildFile; fileRef = 1E3E31C8296DEC0D007A46CA /* LinkList.swift */; };
		1E3E31CC296DED9B007A46CA /* Migrator.swift in Sources */ = {isa = PBXBuildFile; fileRef = 1E3E31CB296DED9B007A46CA /* Migrator.swift */; };
		1E3E31D6296EEA48007A46CA /* LaunchScreenView.swift in Sources */ = {isa = PBXBuildFile; fileRef = 1E3E31D5296EEA48007A46CA /* LaunchScreenView.swift */; };
		1E672FE3296F8FC300531128 /* Lottie in Frameworks */ = {isa = PBXBuildFile; productRef = 1E672FE2296F8FC300531128 /* Lottie */; };
		1E672FE5296F8FF500531128 /* LottieView.swift in Sources */ = {isa = PBXBuildFile; fileRef = 1E672FE4296F8FF500531128 /* LottieView.swift */; };
		1E672FEB296F927800531128 /* lf30_editor_4dkmovvk (1).json in Resources */ = {isa = PBXBuildFile; fileRef = 1E672FEA296F927800531128 /* lf30_editor_4dkmovvk (1).json */; };
		1ED9C610296C1EEC0000CDB4 /* NanoChanllengeApp.swift in Sources */ = {isa = PBXBuildFile; fileRef = 1ED9C60F296C1EEC0000CDB4 /* NanoChanllengeApp.swift */; };
		1ED9C614296C1EED0000CDB4 /* Assets.xcassets in Resources */ = {isa = PBXBuildFile; fileRef = 1ED9C613296C1EED0000CDB4 /* Assets.xcassets */; };
		1ED9C617296C1EED0000CDB4 /* Preview Assets.xcassets in Resources */ = {isa = PBXBuildFile; fileRef = 1ED9C616296C1EED0000CDB4 /* Preview Assets.xcassets */; };
		1ED9C626296C1EED0000CDB4 /* NanoChanllengeTests.swift in Sources */ = {isa = PBXBuildFile; fileRef = 1ED9C625296C1EED0000CDB4 /* NanoChanllengeTests.swift */; };
		1ED9C630296C1EED0000CDB4 /* NanoChanllengeUITests.swift in Sources */ = {isa = PBXBuildFile; fileRef = 1ED9C62F296C1EED0000CDB4 /* NanoChanllengeUITests.swift */; };
		1ED9C632296C1EED0000CDB4 /* NanoChanllengeUITestsLaunchTests.swift in Sources */ = {isa = PBXBuildFile; fileRef = 1ED9C631296C1EED0000CDB4 /* NanoChanllengeUITestsLaunchTests.swift */; };
		1ED9C63F296C1F0A0000CDB4 /* HomePage.swift in Sources */ = {isa = PBXBuildFile; fileRef = 1ED9C63E296C1F0A0000CDB4 /* HomePage.swift */; };
		1ED9C641296C1F340000CDB4 /* ContentView-ViewModel.swift in Sources */ = {isa = PBXBuildFile; fileRef = 1ED9C640296C1F340000CDB4 /* ContentView-ViewModel.swift */; };
		1ED9C647296C1F7A0000CDB4 /* LinkPage.swift in Sources */ = {isa = PBXBuildFile; fileRef = 1ED9C646296C1F7A0000CDB4 /* LinkPage.swift */; };
		1ED9C64F296C31550000CDB4 /* Localizable.strings in Resources */ = {isa = PBXBuildFile; fileRef = 1ED9C651296C31550000CDB4 /* Localizable.strings */; };
		1ED9C65C296C5DEA0000CDB4 /* Realm in Frameworks */ = {isa = PBXBuildFile; productRef = 1ED9C65B296C5DEA0000CDB4 /* Realm */; };
		1ED9C65E296C5DEA0000CDB4 /* RealmSwift in Frameworks */ = {isa = PBXBuildFile; productRef = 1ED9C65D296C5DEA0000CDB4 /* RealmSwift */; };
		1ED9C661296CA6640000CDB4 /* TagList.swift in Sources */ = {isa = PBXBuildFile; fileRef = 1ED9C660296CA6640000CDB4 /* TagList.swift */; };
		1ED9C664296D89F30000CDB4 /* AddTagListScreen.swift in Sources */ = {isa = PBXBuildFile; fileRef = 1ED9C663296D89F30000CDB4 /* AddTagListScreen.swift */; };
/* End PBXBuildFile section */

/* Begin PBXContainerItemProxy section */
		1ED9C622296C1EED0000CDB4 /* PBXContainerItemProxy */ = {
			isa = PBXContainerItemProxy;
			containerPortal = 1ED9C604296C1EEC0000CDB4 /* Project object */;
			proxyType = 1;
			remoteGlobalIDString = 1ED9C60B296C1EEC0000CDB4;
			remoteInfo = NanoChanllenge;
		};
		1ED9C62C296C1EED0000CDB4 /* PBXContainerItemProxy */ = {
			isa = PBXContainerItemProxy;
			containerPortal = 1ED9C604296C1EEC0000CDB4 /* Project object */;
			proxyType = 1;
			remoteGlobalIDString = 1ED9C60B296C1EEC0000CDB4;
			remoteInfo = NanoChanllenge;
		};
/* End PBXContainerItemProxy section */

/* Begin PBXFileReference section */
		1E3E31C4296DE517007A46CA /* TagListItemScreen.swift */ = {isa = PBXFileReference; lastKnownFileType = sourcecode.swift; path = TagListItemScreen.swift; sourceTree = "<group>"; };
		1E3E31C6296DE89C007A46CA /* AddTagListItemScreen.swift */ = {isa = PBXFileReference; lastKnownFileType = sourcecode.swift; path = AddTagListItemScreen.swift; sourceTree = "<group>"; };
		1E3E31C8296DEC0D007A46CA /* LinkList.swift */ = {isa = PBXFileReference; lastKnownFileType = sourcecode.swift; path = LinkList.swift; sourceTree = "<group>"; };
		1E3E31CB296DED9B007A46CA /* Migrator.swift */ = {isa = PBXFileReference; lastKnownFileType = sourcecode.swift; path = Migrator.swift; sourceTree = "<group>"; };
		1E3E31D5296EEA48007A46CA /* LaunchScreenView.swift */ = {isa = PBXFileReference; lastKnownFileType = sourcecode.swift; path = LaunchScreenView.swift; sourceTree = "<group>"; };
		1E672FE4296F8FF500531128 /* LottieView.swift */ = {isa = PBXFileReference; lastKnownFileType = sourcecode.swift; path = LottieView.swift; sourceTree = "<group>"; };
		1E672FEA296F927800531128 /* lf30_editor_4dkmovvk (1).json */ = {isa = PBXFileReference; fileEncoding = 4; lastKnownFileType = text.json; name = "lf30_editor_4dkmovvk (1).json"; path = "../../../../Downloads/lf30_editor_4dkmovvk (1).json"; sourceTree = "<group>"; };
		1ED9C60C296C1EEC0000CDB4 /* LinkTo.app */ = {isa = PBXFileReference; explicitFileType = wrapper.application; includeInIndex = 0; path = LinkTo.app; sourceTree = BUILT_PRODUCTS_DIR; };
		1ED9C60F296C1EEC0000CDB4 /* NanoChanllengeApp.swift */ = {isa = PBXFileReference; lastKnownFileType = sourcecode.swift; path = NanoChanllengeApp.swift; sourceTree = "<group>"; };
		1ED9C613296C1EED0000CDB4 /* Assets.xcassets */ = {isa = PBXFileReference; lastKnownFileType = folder.assetcatalog; path = Assets.xcassets; sourceTree = "<group>"; };
		1ED9C616296C1EED0000CDB4 /* Preview Assets.xcassets */ = {isa = PBXFileReference; lastKnownFileType = folder.assetcatalog; path = "Preview Assets.xcassets"; sourceTree = "<group>"; };
		1ED9C621296C1EED0000CDB4 /* LinkToTests.xctest */ = {isa = PBXFileReference; explicitFileType = wrapper.cfbundle; includeInIndex = 0; path = LinkToTests.xctest; sourceTree = BUILT_PRODUCTS_DIR; };
		1ED9C625296C1EED0000CDB4 /* NanoChanllengeTests.swift */ = {isa = PBXFileReference; lastKnownFileType = sourcecode.swift; path = NanoChanllengeTests.swift; sourceTree = "<group>"; };
		1ED9C62B296C1EED0000CDB4 /* LinkToUITests.xctest */ = {isa = PBXFileReference; explicitFileType = wrapper.cfbundle; includeInIndex = 0; path = LinkToUITests.xctest; sourceTree = BUILT_PRODUCTS_DIR; };
		1ED9C62F296C1EED0000CDB4 /* NanoChanllengeUITests.swift */ = {isa = PBXFileReference; lastKnownFileType = sourcecode.swift; path = NanoChanllengeUITests.swift; sourceTree = "<group>"; };
		1ED9C631296C1EED0000CDB4 /* NanoChanllengeUITestsLaunchTests.swift */ = {isa = PBXFileReference; lastKnownFileType = sourcecode.swift; path = NanoChanllengeUITestsLaunchTests.swift; sourceTree = "<group>"; };
		1ED9C63E296C1F0A0000CDB4 /* HomePage.swift */ = {isa = PBXFileReference; lastKnownFileType = sourcecode.swift; path = HomePage.swift; sourceTree = "<group>"; };
		1ED9C640296C1F340000CDB4 /* ContentView-ViewModel.swift */ = {isa = PBXFileReference; lastKnownFileType = sourcecode.swift; path = "ContentView-ViewModel.swift"; sourceTree = "<group>"; };
		1ED9C646296C1F7A0000CDB4 /* LinkPage.swift */ = {isa = PBXFileReference; lastKnownFileType = sourcecode.swift; path = LinkPage.swift; sourceTree = "<group>"; };
		1ED9C650296C31550000CDB4 /* en */ = {isa = PBXFileReference; lastKnownFileType = text.plist.strings; name = en; path = en.lproj/Localizable.strings; sourceTree = "<group>"; };
		1ED9C652296C315A0000CDB4 /* ar */ = {isa = PBXFileReference; lastKnownFileType = text.plist.strings; name = ar; path = ar.lproj/Localizable.strings; sourceTree = "<group>"; };
		1ED9C660296CA6640000CDB4 /* TagList.swift */ = {isa = PBXFileReference; lastKnownFileType = sourcecode.swift; path = TagList.swift; sourceTree = "<group>"; };
		1ED9C663296D89F30000CDB4 /* AddTagListScreen.swift */ = {isa = PBXFileReference; lastKnownFileType = sourcecode.swift; path = AddTagListScreen.swift; sourceTree = "<group>"; };
/* End PBXFileReference section */

/* Begin PBXFrameworksBuildPhase section */
		1ED9C609296C1EEC0000CDB4 /* Frameworks */ = {
			isa = PBXFrameworksBuildPhase;
			buildActionMask = 2147483647;
			files = (
				1ED9C65E296C5DEA0000CDB4 /* RealmSwift in Frameworks */,
				1ED9C65C296C5DEA0000CDB4 /* Realm in Frameworks */,
				1E672FE3296F8FC300531128 /* Lottie in Frameworks */,
			);
			runOnlyForDeploymentPostprocessing = 0;
		};
		1ED9C61E296C1EED0000CDB4 /* Frameworks */ = {
			isa = PBXFrameworksBuildPhase;
			buildActionMask = 2147483647;
			files = (
			);
			runOnlyForDeploymentPostprocessing = 0;
		};
		1ED9C628296C1EED0000CDB4 /* Frameworks */ = {
			isa = PBXFrameworksBuildPhase;
			buildActionMask = 2147483647;
			files = (
			);
			runOnlyForDeploymentPostprocessing = 0;
		};
/* End PBXFrameworksBuildPhase section */

/* Begin PBXGroup section */
		1E3E31CA296DED6D007A46CA /* Utils */ = {
			isa = PBXGroup;
			children = (
				1E3E31CB296DED9B007A46CA /* Migrator.swift */,
			);
			name = Utils;
			path = "Preview Content/Utils";
			sourceTree = "<group>";
		};
		1ED9C603296C1EEC0000CDB4 = {
			isa = PBXGroup;
			children = (
				1ED9C651296C31550000CDB4 /* Localizable.strings */,
				1ED9C60E296C1EEC0000CDB4 /* NanoChanllenge */,
				1ED9C624296C1EED0000CDB4 /* NanoChanllengeTests */,
				1ED9C62E296C1EED0000CDB4 /* NanoChanllengeUITests */,
				1ED9C60D296C1EEC0000CDB4 /* Products */,
			);
			sourceTree = "<group>";
		};
		1ED9C60D296C1EEC0000CDB4 /* Products */ = {
			isa = PBXGroup;
			children = (
				1ED9C60C296C1EEC0000CDB4 /* LinkTo.app */,
				1ED9C621296C1EED0000CDB4 /* LinkToTests.xctest */,
				1ED9C62B296C1EED0000CDB4 /* LinkToUITests.xctest */,
			);
			name = Products;
			sourceTree = "<group>";
		};
		1ED9C60E296C1EEC0000CDB4 /* NanoChanllenge */ = {
			isa = PBXGroup;
			children = (
				1ED9C60F296C1EEC0000CDB4 /* NanoChanllengeApp.swift */,
				1ED9C613296C1EED0000CDB4 /* Assets.xcassets */,
				1E3E31CA296DED6D007A46CA /* Utils */,
				1ED9C615296C1EED0000CDB4 /* Preview Content */,
				1ED9C662296D89C60000CDB4 /* Screens */,
				1ED9C65F296CA64F0000CDB4 /* Models */,
				1ED9C63E296C1F0A0000CDB4 /* HomePage.swift */,
				1E672FEA296F927800531128 /* lf30_editor_4dkmovvk (1).json */,
				1E672FE4296F8FF500531128 /* LottieView.swift */,
				1ED9C646296C1F7A0000CDB4 /* LinkPage.swift */,
				1ED9C640296C1F340000CDB4 /* ContentView-ViewModel.swift */,
				1E3E31D5296EEA48007A46CA /* LaunchScreenView.swift */,
			);
			path = NanoChanllenge;
			sourceTree = "<group>";
		};
		1ED9C615296C1EED0000CDB4 /* Preview Content */ = {
			isa = PBXGroup;
			children = (
				1ED9C616296C1EED0000CDB4 /* Preview Assets.xcassets */,
			);
			path = "Preview Content";
			sourceTree = "<group>";
		};
		1ED9C624296C1EED0000CDB4 /* NanoChanllengeTests */ = {
			isa = PBXGroup;
			children = (
				1ED9C625296C1EED0000CDB4 /* NanoChanllengeTests.swift */,
			);
			path = NanoChanllengeTests;
			sourceTree = "<group>";
		};
		1ED9C62E296C1EED0000CDB4 /* NanoChanllengeUITests */ = {
			isa = PBXGroup;
			children = (
				1ED9C62F296C1EED0000CDB4 /* NanoChanllengeUITests.swift */,
				1ED9C631296C1EED0000CDB4 /* NanoChanllengeUITestsLaunchTests.swift */,
			);
			path = NanoChanllengeUITests;
			sourceTree = "<group>";
		};
		1ED9C65F296CA64F0000CDB4 /* Models */ = {
			isa = PBXGroup;
			children = (
				1ED9C660296CA6640000CDB4 /* TagList.swift */,
				1E3E31C8296DEC0D007A46CA /* LinkList.swift */,
			);
			path = Models;
			sourceTree = "<group>";
		};
		1ED9C662296D89C60000CDB4 /* Screens */ = {
			isa = PBXGroup;
			children = (
				1ED9C663296D89F30000CDB4 /* AddTagListScreen.swift */,
				1E3E31C4296DE517007A46CA /* TagListItemScreen.swift */,
				1E3E31C6296DE89C007A46CA /* AddTagListItemScreen.swift */,
			);
			path = Screens;
			sourceTree = "<group>";
		};
/* End PBXGroup section */

/* Begin PBXNativeTarget section */
		1ED9C60B296C1EEC0000CDB4 /* LinkTo */ = {
			isa = PBXNativeTarget;
			buildConfigurationList = 1ED9C635296C1EED0000CDB4 /* Build configuration list for PBXNativeTarget "LinkTo" */;
			buildPhases = (
				1ED9C608296C1EEC0000CDB4 /* Sources */,
				1ED9C609296C1EEC0000CDB4 /* Frameworks */,
				1ED9C60A296C1EEC0000CDB4 /* Resources */,
			);
			buildRules = (
			);
			dependencies = (
			);
			name = LinkTo;
			packageProductDependencies = (
				1ED9C65B296C5DEA0000CDB4 /* Realm */,
				1ED9C65D296C5DEA0000CDB4 /* RealmSwift */,
				1E672FE2296F8FC300531128 /* Lottie */,
			);
			productName = NanoChanllenge;
			productReference = 1ED9C60C296C1EEC0000CDB4 /* LinkTo.app */;
			productType = "com.apple.product-type.application";
		};
		1ED9C620296C1EED0000CDB4 /* LinkToTests */ = {
			isa = PBXNativeTarget;
			buildConfigurationList = 1ED9C638296C1EED0000CDB4 /* Build configuration list for PBXNativeTarget "LinkToTests" */;
			buildPhases = (
				1ED9C61D296C1EED0000CDB4 /* Sources */,
				1ED9C61E296C1EED0000CDB4 /* Frameworks */,
				1ED9C61F296C1EED0000CDB4 /* Resources */,
			);
			buildRules = (
			);
			dependencies = (
				1ED9C623296C1EED0000CDB4 /* PBXTargetDependency */,
			);
			name = LinkToTests;
			productName = NanoChanllengeTests;
			productReference = 1ED9C621296C1EED0000CDB4 /* LinkToTests.xctest */;
			productType = "com.apple.product-type.bundle.unit-test";
		};
		1ED9C62A296C1EED0000CDB4 /* LinkToUITests */ = {
			isa = PBXNativeTarget;
			buildConfigurationList = 1ED9C63B296C1EED0000CDB4 /* Build configuration list for PBXNativeTarget "LinkToUITests" */;
			buildPhases = (
				1ED9C627296C1EED0000CDB4 /* Sources */,
				1ED9C628296C1EED0000CDB4 /* Frameworks */,
				1ED9C629296C1EED0000CDB4 /* Resources */,
			);
			buildRules = (
			);
			dependencies = (
				1ED9C62D296C1EED0000CDB4 /* PBXTargetDependency */,
			);
			name = LinkToUITests;
			productName = NanoChanllengeUITests;
			productReference = 1ED9C62B296C1EED0000CDB4 /* LinkToUITests.xctest */;
			productType = "com.apple.product-type.bundle.ui-testing";
		};
/* End PBXNativeTarget section */

/* Begin PBXProject section */
		1ED9C604296C1EEC0000CDB4 /* Project object */ = {
			isa = PBXProject;
			attributes = {
				BuildIndependentTargetsInParallel = 1;
				LastSwiftUpdateCheck = 1400;
				LastUpgradeCheck = 1400;
				TargetAttributes = {
					1ED9C60B296C1EEC0000CDB4 = {
						CreatedOnToolsVersion = 14.0.1;
					};
					1ED9C620296C1EED0000CDB4 = {
						CreatedOnToolsVersion = 14.0.1;
						TestTargetID = 1ED9C60B296C1EEC0000CDB4;
					};
					1ED9C62A296C1EED0000CDB4 = {
						CreatedOnToolsVersion = 14.0.1;
						TestTargetID = 1ED9C60B296C1EEC0000CDB4;
					};
				};
			};
			buildConfigurationList = 1ED9C607296C1EEC0000CDB4 /* Build configuration list for PBXProject "LinkTo" */;
			compatibilityVersion = "Xcode 14.0";
			developmentRegion = en;
			hasScannedForEncodings = 0;
			knownRegions = (
				en,
				Base,
				ar,
			);
			mainGroup = 1ED9C603296C1EEC0000CDB4;
			packageReferences = (
				1ED9C65A296C5DEA0000CDB4 /* XCRemoteSwiftPackageReference "realm-swift" */,
				1E672FE1296F8FC300531128 /* XCRemoteSwiftPackageReference "lottie-ios" */,
			);
			productRefGroup = 1ED9C60D296C1EEC0000CDB4 /* Products */;
			projectDirPath = "";
			projectRoot = "";
			targets = (
				1ED9C60B296C1EEC0000CDB4 /* LinkTo */,
				1ED9C620296C1EED0000CDB4 /* LinkToTests */,
				1ED9C62A296C1EED0000CDB4 /* LinkToUITests */,
			);
		};
/* End PBXProject section */

/* Begin PBXResourcesBuildPhase section */
		1ED9C60A296C1EEC0000CDB4 /* Resources */ = {
			isa = PBXResourcesBuildPhase;
			buildActionMask = 2147483647;
			files = (
				1ED9C617296C1EED0000CDB4 /* Preview Assets.xcassets in Resources */,
				1ED9C64F296C31550000CDB4 /* Localizable.strings in Resources */,
				1E672FEB296F927800531128 /* lf30_editor_4dkmovvk (1).json in Resources */,
				1ED9C614296C1EED0000CDB4 /* Assets.xcassets in Resources */,
			);
			runOnlyForDeploymentPostprocessing = 0;
		};
		1ED9C61F296C1EED0000CDB4 /* Resources */ = {
			isa = PBXResourcesBuildPhase;
			buildActionMask = 2147483647;
			files = (
			);
			runOnlyForDeploymentPostprocessing = 0;
		};
		1ED9C629296C1EED0000CDB4 /* Resources */ = {
			isa = PBXResourcesBuildPhase;
			buildActionMask = 2147483647;
			files = (
			);
			runOnlyForDeploymentPostprocessing = 0;
		};
/* End PBXResourcesBuildPhase section */

/* Begin PBXSourcesBuildPhase section */
		1ED9C608296C1EEC0000CDB4 /* Sources */ = {
			isa = PBXSourcesBuildPhase;
			buildActionMask = 2147483647;
			files = (
				1E3E31C5296DE517007A46CA /* TagListItemScreen.swift in Sources */,
				1ED9C661296CA6640000CDB4 /* TagList.swift in Sources */,
				1E3E31D6296EEA48007A46CA /* LaunchScreenView.swift in Sources */,
				1ED9C664296D89F30000CDB4 /* AddTagListScreen.swift in Sources */,
				1ED9C647296C1F7A0000CDB4 /* LinkPage.swift in Sources */,
				1ED9C641296C1F340000CDB4 /* ContentView-ViewModel.swift in Sources */,
				1ED9C63F296C1F0A0000CDB4 /* HomePage.swift in Sources */,
				1E3E31C7296DE89C007A46CA /* AddTagListItemScreen.swift in Sources */,
				1E3E31CC296DED9B007A46CA /* Migrator.swift in Sources */,
				1E3E31C9296DEC0D007A46CA /* LinkList.swift in Sources */,
				1ED9C610296C1EEC0000CDB4 /* NanoChanllengeApp.swift in Sources */,
				1E672FE5296F8FF500531128 /* LottieView.swift in Sources */,
			);
			runOnlyForDeploymentPostprocessing = 0;
		};
		1ED9C61D296C1EED0000CDB4 /* Sources */ = {
			isa = PBXSourcesBuildPhase;
			buildActionMask = 2147483647;
			files = (
				1ED9C626296C1EED0000CDB4 /* NanoChanllengeTests.swift in Sources */,
			);
			runOnlyForDeploymentPostprocessing = 0;
		};
		1ED9C627296C1EED0000CDB4 /* Sources */ = {
			isa = PBXSourcesBuildPhase;
			buildActionMask = 2147483647;
			files = (
				1ED9C630296C1EED0000CDB4 /* NanoChanllengeUITests.swift in Sources */,
				1ED9C632296C1EED0000CDB4 /* NanoChanllengeUITestsLaunchTests.swift in Sources */,
			);
			runOnlyForDeploymentPostprocessing = 0;
		};
/* End PBXSourcesBuildPhase section */

/* Begin PBXTargetDependency section */
		1ED9C623296C1EED0000CDB4 /* PBXTargetDependency */ = {
			isa = PBXTargetDependency;
			target = 1ED9C60B296C1EEC0000CDB4 /* LinkTo */;
			targetProxy = 1ED9C622296C1EED0000CDB4 /* PBXContainerItemProxy */;
		};
		1ED9C62D296C1EED0000CDB4 /* PBXTargetDependency */ = {
			isa = PBXTargetDependency;
			target = 1ED9C60B296C1EEC0000CDB4 /* LinkTo */;
			targetProxy = 1ED9C62C296C1EED0000CDB4 /* PBXContainerItemProxy */;
		};
/* End PBXTargetDependency section */

/* Begin PBXVariantGroup section */
		1ED9C651296C31550000CDB4 /* Localizable.strings */ = {
			isa = PBXVariantGroup;
			children = (
				1ED9C650296C31550000CDB4 /* en */,
				1ED9C652296C315A0000CDB4 /* ar */,
			);
			name = Localizable.strings;
			sourceTree = "<group>";
		};
/* End PBXVariantGroup section */

/* Begin XCBuildConfiguration section */
		1ED9C633296C1EED0000CDB4 /* Debug */ = {
			isa = XCBuildConfiguration;
			buildSettings = {
				ALWAYS_SEARCH_USER_PATHS = NO;
				CLANG_ANALYZER_NONNULL = YES;
				CLANG_ANALYZER_NUMBER_OBJECT_CONVERSION = YES_AGGRESSIVE;
				CLANG_CXX_LANGUAGE_STANDARD = "gnu++20";
				CLANG_ENABLE_MODULES = YES;
				CLANG_ENABLE_OBJC_ARC = YES;
				CLANG_ENABLE_OBJC_WEAK = YES;
				CLANG_WARN_BLOCK_CAPTURE_AUTORELEASING = YES;
				CLANG_WARN_BOOL_CONVERSION = YES;
				CLANG_WARN_COMMA = YES;
				CLANG_WARN_CONSTANT_CONVERSION = YES;
				CLANG_WARN_DEPRECATED_OBJC_IMPLEMENTATIONS = YES;
				CLANG_WARN_DIRECT_OBJC_ISA_USAGE = YES_ERROR;
				CLANG_WARN_DOCUMENTATION_COMMENTS = YES;
				CLANG_WARN_EMPTY_BODY = YES;
				CLANG_WARN_ENUM_CONVERSION = YES;
				CLANG_WARN_INFINITE_RECURSION = YES;
				CLANG_WARN_INT_CONVERSION = YES;
				CLANG_WARN_NON_LITERAL_NULL_CONVERSION = YES;
				CLANG_WARN_OBJC_IMPLICIT_RETAIN_SELF = YES;
				CLANG_WARN_OBJC_LITERAL_CONVERSION = YES;
				CLANG_WARN_OBJC_ROOT_CLASS = YES_ERROR;
				CLANG_WARN_QUOTED_INCLUDE_IN_FRAMEWORK_HEADER = YES;
				CLANG_WARN_RANGE_LOOP_ANALYSIS = YES;
				CLANG_WARN_STRICT_PROTOTYPES = YES;
				CLANG_WARN_SUSPICIOUS_MOVE = YES;
				CLANG_WARN_UNGUARDED_AVAILABILITY = YES_AGGRESSIVE;
				CLANG_WARN_UNREACHABLE_CODE = YES;
				CLANG_WARN__DUPLICATE_METHOD_MATCH = YES;
				COPY_PHASE_STRIP = NO;
				DEBUG_INFORMATION_FORMAT = dwarf;
				ENABLE_STRICT_OBJC_MSGSEND = YES;
				ENABLE_TESTABILITY = YES;
				GCC_C_LANGUAGE_STANDARD = gnu11;
				GCC_DYNAMIC_NO_PIC = NO;
				GCC_NO_COMMON_BLOCKS = YES;
				GCC_OPTIMIZATION_LEVEL = 0;
				GCC_PREPROCESSOR_DEFINITIONS = (
					"DEBUG=1",
					"$(inherited)",
				);
				GCC_WARN_64_TO_32_BIT_CONVERSION = YES;
				GCC_WARN_ABOUT_RETURN_TYPE = YES_ERROR;
				GCC_WARN_UNDECLARED_SELECTOR = YES;
				GCC_WARN_UNINITIALIZED_AUTOS = YES_AGGRESSIVE;
				GCC_WARN_UNUSED_FUNCTION = YES;
				GCC_WARN_UNUSED_VARIABLE = YES;
				IPHONEOS_DEPLOYMENT_TARGET = 16.0;
				MTL_ENABLE_DEBUG_INFO = INCLUDE_SOURCE;
				MTL_FAST_MATH = YES;
				ONLY_ACTIVE_ARCH = YES;
				SDKROOT = iphoneos;
				SWIFT_ACTIVE_COMPILATION_CONDITIONS = DEBUG;
				SWIFT_OPTIMIZATION_LEVEL = "-Onone";
			};
			name = Debug;
		};
		1ED9C634296C1EED0000CDB4 /* Release */ = {
			isa = XCBuildConfiguration;
			buildSettings = {
				ALWAYS_SEARCH_USER_PATHS = NO;
				CLANG_ANALYZER_NONNULL = YES;
				CLANG_ANALYZER_NUMBER_OBJECT_CONVERSION = YES_AGGRESSIVE;
				CLANG_CXX_LANGUAGE_STANDARD = "gnu++20";
				CLANG_ENABLE_MODULES = YES;
				CLANG_ENABLE_OBJC_ARC = YES;
				CLANG_ENABLE_OBJC_WEAK = YES;
				CLANG_WARN_BLOCK_CAPTURE_AUTORELEASING = YES;
				CLANG_WARN_BOOL_CONVERSION = YES;
				CLANG_WARN_COMMA = YES;
				CLANG_WARN_CONSTANT_CONVERSION = YES;
				CLANG_WARN_DEPRECATED_OBJC_IMPLEMENTATIONS = YES;
				CLANG_WARN_DIRECT_OBJC_ISA_USAGE = YES_ERROR;
				CLANG_WARN_DOCUMENTATION_COMMENTS = YES;
				CLANG_WARN_EMPTY_BODY = YES;
				CLANG_WARN_ENUM_CONVERSION = YES;
				CLANG_WARN_INFINITE_RECURSION = YES;
				CLANG_WARN_INT_CONVERSION = YES;
				CLANG_WARN_NON_LITERAL_NULL_CONVERSION = YES;
				CLANG_WARN_OBJC_IMPLICIT_RETAIN_SELF = YES;
				CLANG_WARN_OBJC_LITERAL_CONVERSION = YES;
				CLANG_WARN_OBJC_ROOT_CLASS = YES_ERROR;
				CLANG_WARN_QUOTED_INCLUDE_IN_FRAMEWORK_HEADER = YES;
				CLANG_WARN_RANGE_LOOP_ANALYSIS = YES;
				CLANG_WARN_STRICT_PROTOTYPES = YES;
				CLANG_WARN_SUSPICIOUS_MOVE = YES;
				CLANG_WARN_UNGUARDED_AVAILABILITY = YES_AGGRESSIVE;
				CLANG_WARN_UNREACHABLE_CODE = YES;
				CLANG_WARN__DUPLICATE_METHOD_MATCH = YES;
				COPY_PHASE_STRIP = NO;
				DEBUG_INFORMATION_FORMAT = "dwarf-with-dsym";
				ENABLE_NS_ASSERTIONS = NO;
				ENABLE_STRICT_OBJC_MSGSEND = YES;
				GCC_C_LANGUAGE_STANDARD = gnu11;
				GCC_NO_COMMON_BLOCKS = YES;
				GCC_WARN_64_TO_32_BIT_CONVERSION = YES;
				GCC_WARN_ABOUT_RETURN_TYPE = YES_ERROR;
				GCC_WARN_UNDECLARED_SELECTOR = YES;
				GCC_WARN_UNINITIALIZED_AUTOS = YES_AGGRESSIVE;
				GCC_WARN_UNUSED_FUNCTION = YES;
				GCC_WARN_UNUSED_VARIABLE = YES;
				IPHONEOS_DEPLOYMENT_TARGET = 16.0;
				MTL_ENABLE_DEBUG_INFO = NO;
				MTL_FAST_MATH = YES;
				SDKROOT = iphoneos;
				SWIFT_COMPILATION_MODE = wholemodule;
				SWIFT_OPTIMIZATION_LEVEL = "-O";
				VALIDATE_PRODUCT = YES;
			};
			name = Release;
		};
		1ED9C636296C1EED0000CDB4 /* Debug */ = {
			isa = XCBuildConfiguration;
			buildSettings = {
				ASSETCATALOG_COMPILER_APPICON_NAME = AppIcon;
				ASSETCATALOG_COMPILER_GLOBAL_ACCENT_COLOR_NAME = AccentColor;
				CODE_SIGN_STYLE = Automatic;
				CURRENT_PROJECT_VERSION = 1;
				DEVELOPMENT_ASSET_PATHS = "\"NanoChanllenge/Preview Content\"";
				DEVELOPMENT_TEAM = AK4J6WF9ZA;
				ENABLE_PREVIEWS = YES;
				GENERATE_INFOPLIST_FILE = YES;
				INFOPLIST_KEY_CFBundleDisplayName = LinkTo;
				INFOPLIST_KEY_UIApplicationSceneManifest_Generation = YES;
				INFOPLIST_KEY_UIApplicationSupportsIndirectInputEvents = YES;
				INFOPLIST_KEY_UILaunchScreen_Generation = YES;
				INFOPLIST_KEY_UIRequiresFullScreen = NO;
				INFOPLIST_KEY_UIStatusBarStyle = "";
				INFOPLIST_KEY_UISupportedInterfaceOrientations = UIInterfaceOrientationPortrait;
				LD_RUNPATH_SEARCH_PATHS = (
					"$(inherited)",
					"@executable_path/Frameworks",
				);
				MARKETING_VERSION = 0.1.0;
				PRODUCT_BUNDLE_IDENTIFIER = Nouf.LinkTo;
				PRODUCT_NAME = "$(TARGET_NAME)";
				SUPPORTED_PLATFORMS = "iphoneos iphonesimulator";
				SUPPORTS_MACCATALYST = NO;
				SUPPORTS_MAC_DESIGNED_FOR_IPHONE_IPAD = YES;
				SWIFT_EMIT_LOC_STRINGS = YES;
				SWIFT_VERSION = 5.0;
				TARGETED_DEVICE_FAMILY = 1;
			};
			name = Debug;
		};
		1ED9C637296C1EED0000CDB4 /* Release */ = {
			isa = XCBuildConfiguration;
			buildSettings = {
				ASSETCATALOG_COMPILER_APPICON_NAME = AppIcon;
				ASSETCATALOG_COMPILER_GLOBAL_ACCENT_COLOR_NAME = AccentColor;
				CODE_SIGN_STYLE = Automatic;
				CURRENT_PROJECT_VERSION = 1;
				DEVELOPMENT_ASSET_PATHS = "\"NanoChanllenge/Preview Content\"";
				DEVELOPMENT_TEAM = AK4J6WF9ZA;
				ENABLE_PREVIEWS = YES;
				GENERATE_INFOPLIST_FILE = YES;
				INFOPLIST_KEY_CFBundleDisplayName = LinkTo;
				INFOPLIST_KEY_UIApplicationSceneManifest_Generation = YES;
				INFOPLIST_KEY_UIApplicationSupportsIndirectInputEvents = YES;
				INFOPLIST_KEY_UILaunchScreen_Generation = YES;
				INFOPLIST_KEY_UIRequiresFullScreen = NO;
				INFOPLIST_KEY_UIStatusBarStyle = "";
				INFOPLIST_KEY_UISupportedInterfaceOrientations = UIInterfaceOrientationPortrait;
				LD_RUNPATH_SEARCH_PATHS = (
					"$(inherited)",
					"@executable_path/Frameworks",
				);
				MARKETING_VERSION = 0.1.0;
				PRODUCT_BUNDLE_IDENTIFIER = Nouf.LinkTo;
				PRODUCT_NAME = "$(TARGET_NAME)";
				SUPPORTED_PLATFORMS = "iphoneos iphonesimulator";
				SUPPORTS_MACCATALYST = NO;
				SUPPORTS_MAC_DESIGNED_FOR_IPHONE_IPAD = YES;
				SWIFT_EMIT_LOC_STRINGS = YES;
				SWIFT_VERSION = 5.0;
				TARGETED_DEVICE_FAMILY = 1;
			};
			name = Release;
		};
		1ED9C639296C1EED0000CDB4 /* Debug */ = {
			isa = XCBuildConfiguration;
			buildSettings = {
				ALWAYS_EMBED_SWIFT_STANDARD_LIBRARIES = YES;
				BUNDLE_LOADER = "$(TEST_HOST)";
				CODE_SIGN_STYLE = Automatic;
				CURRENT_PROJECT_VERSION = 1;
				GENERATE_INFOPLIST_FILE = YES;
				IPHONEOS_DEPLOYMENT_TARGET = 16.0;
				MARKETING_VERSION = 1.0;
				PRODUCT_BUNDLE_IDENTIFIER = Nouf.NanoChanllengeTests;
				PRODUCT_NAME = "$(TARGET_NAME)";
				SWIFT_EMIT_LOC_STRINGS = NO;
				SWIFT_VERSION = 5.0;
				TARGETED_DEVICE_FAMILY = "1,2";
				TEST_HOST = "$(BUILT_PRODUCTS_DIR)/LinkTo.app/$(BUNDLE_EXECUTABLE_FOLDER_PATH)/LinkTo";
			};
			name = Debug;
		};
		1ED9C63A296C1EED0000CDB4 /* Release */ = {
			isa = XCBuildConfiguration;
			buildSettings = {
				ALWAYS_EMBED_SWIFT_STANDARD_LIBRARIES = YES;
				BUNDLE_LOADER = "$(TEST_HOST)";
				CODE_SIGN_STYLE = Automatic;
				CURRENT_PROJECT_VERSION = 1;
				GENERATE_INFOPLIST_FILE = YES;
				IPHONEOS_DEPLOYMENT_TARGET = 16.0;
				MARKETING_VERSION = 1.0;
				PRODUCT_BUNDLE_IDENTIFIER = Nouf.NanoChanllengeTests;
				PRODUCT_NAME = "$(TARGET_NAME)";
				SWIFT_EMIT_LOC_STRINGS = NO;
				SWIFT_VERSION = 5.0;
				TARGETED_DEVICE_FAMILY = "1,2";
				TEST_HOST = "$(BUILT_PRODUCTS_DIR)/LinkTo.app/$(BUNDLE_EXECUTABLE_FOLDER_PATH)/LinkTo";
			};
			name = Release;
		};
		1ED9C63C296C1EED0000CDB4 /* Debug */ = {
			isa = XCBuildConfiguration;
			buildSettings = {
				ALWAYS_EMBED_SWIFT_STANDARD_LIBRARIES = YES;
				CODE_SIGN_STYLE = Automatic;
				CURRENT_PROJECT_VERSION = 1;
				GENERATE_INFOPLIST_FILE = YES;
				MARKETING_VERSION = 1.0;
				PRODUCT_BUNDLE_IDENTIFIER = Nouf.NanoChanllengeUITests;
				PRODUCT_NAME = "$(TARGET_NAME)";
				SWIFT_EMIT_LOC_STRINGS = NO;
				SWIFT_VERSION = 5.0;
				TARGETED_DEVICE_FAMILY = "1,2";
				TEST_TARGET_NAME = NanoChanllenge;
			};
			name = Debug;
		};
		1ED9C63D296C1EED0000CDB4 /* Release */ = {
			isa = XCBuildConfiguration;
			buildSettings = {
				ALWAYS_EMBED_SWIFT_STANDARD_LIBRARIES = YES;
				CODE_SIGN_STYLE = Automatic;
				CURRENT_PROJECT_VERSION = 1;
				GENERATE_INFOPLIST_FILE = YES;
				MARKETING_VERSION = 1.0;
				PRODUCT_BUNDLE_IDENTIFIER = Nouf.NanoChanllengeUITests;
				PRODUCT_NAME = "$(TARGET_NAME)";
				SWIFT_EMIT_LOC_STRINGS = NO;
				SWIFT_VERSION = 5.0;
				TARGETED_DEVICE_FAMILY = "1,2";
				TEST_TARGET_NAME = NanoChanllenge;
			};
			name = Release;
		};
/* End XCBuildConfiguration section */

/* Begin XCConfigurationList section */
		1ED9C607296C1EEC0000CDB4 /* Build configuration list for PBXProject "LinkTo" */ = {
			isa = XCConfigurationList;
			buildConfigurations = (
				1ED9C633296C1EED0000CDB4 /* Debug */,
				1ED9C634296C1EED0000CDB4 /* Release */,
			);
			defaultConfigurationIsVisible = 0;
			defaultConfigurationName = Release;
		};
		1ED9C635296C1EED0000CDB4 /* Build configuration list for PBXNativeTarget "LinkTo" */ = {
			isa = XCConfigurationList;
			buildConfigurations = (
				1ED9C636296C1EED0000CDB4 /* Debug */,
				1ED9C637296C1EED0000CDB4 /* Release */,
			);
			defaultConfigurationIsVisible = 0;
			defaultConfigurationName = Release;
		};
		1ED9C638296C1EED0000CDB4 /* Build configuration list for PBXNativeTarget "LinkToTests" */ = {
			isa = XCConfigurationList;
			buildConfigurations = (
				1ED9C639296C1EED0000CDB4 /* Debug */,
				1ED9C63A296C1EED0000CDB4 /* Release */,
			);
			defaultConfigurationIsVisible = 0;
			defaultConfigurationName = Release;
		};
		1ED9C63B296C1EED0000CDB4 /* Build configuration list for PBXNativeTarget "LinkToUITests" */ = {
			isa = XCConfigurationList;
			buildConfigurations = (
				1ED9C63C296C1EED0000CDB4 /* Debug */,
				1ED9C63D296C1EED0000CDB4 /* Release */,
			);
			defaultConfigurationIsVisible = 0;
			defaultConfigurationName = Release;
		};
/* End XCConfigurationList section */

/* Begin XCRemoteSwiftPackageReference section */
		1E672FE1296F8FC300531128 /* XCRemoteSwiftPackageReference "lottie-ios" */ = {
			isa = XCRemoteSwiftPackageReference;
			repositoryURL = "https://github.com/airbnb/lottie-ios";
			requirement = {
				kind = exactVersion;
				version = 3.5.0;
			};
		};
		1ED9C65A296C5DEA0000CDB4 /* XCRemoteSwiftPackageReference "realm-swift" */ = {
			isa = XCRemoteSwiftPackageReference;
			repositoryURL = "https://github.com/realm/realm-swift.git";
			requirement = {
				branch = master;
				kind = branch;
			};
		};
/* End XCRemoteSwiftPackageReference section */

/* Begin XCSwiftPackageProductDependency section */
		1E672FE2296F8FC300531128 /* Lottie */ = {
			isa = XCSwiftPackageProductDependency;
			package = 1E672FE1296F8FC300531128 /* XCRemoteSwiftPackageReference "lottie-ios" */;
			productName = Lottie;
		};
		1ED9C65B296C5DEA0000CDB4 /* Realm */ = {
			isa = XCSwiftPackageProductDependency;
			package = 1ED9C65A296C5DEA0000CDB4 /* XCRemoteSwiftPackageReference "realm-swift" */;
			productName = Realm;
		};
		1ED9C65D296C5DEA0000CDB4 /* RealmSwift */ = {
			isa = XCSwiftPackageProductDependency;
			package = 1ED9C65A296C5DEA0000CDB4 /* XCRemoteSwiftPackageReference "realm-swift" */;
			productName = RealmSwift;
		};
/* End XCSwiftPackageProductDependency section */
	};
	rootObject = 1ED9C604296C1EEC0000CDB4 /* Project object */;
}
